
Microsoft Visual Studio Solution File, Format Version 12.00
# Visual Studio 15
VisualStudioVersion = 15.0.28307.1169
MinimumVisualStudioVersion = 10.0.40219.1
Project("{FAE04EC0-301F-11D3-BF4B-00C04F79EFBC}") = "Supply_of _products", "Supply_of _products\Supply_of _products.csproj", "{72FC1EFB-4398-4231-8078-0C237C6BB80C}"
EndProject
Global
	GlobalSection(SolutionConfigurationPlatforms) = preSolution
		Debug|Any CPU = Debug|Any CPU
		Release|Any CPU = Release|Any CPU
	EndGlobalSection
	GlobalSection(ProjectConfigurationPlatforms) = postSolution
		{72FC1EFB-4398-4231-8078-0C237C6BB80C}.Debug|Any CPU.ActiveCfg = Debug|Any CPU
		{72FC1EFB-4398-4231-8078-0C237C6BB80C}.Debug|Any CPU.Build.0 = Debug|Any CPU
		{72FC1EFB-4398-4231-8078-0C237C6BB80C}.Release|Any CPU.ActiveCfg = Release|Any CPU
		{72FC1EFB-4398-4231-8078-0C237C6BB80C}.Release|Any CPU.Build.0 = Release|Any CPU
	EndGlobalSection
	GlobalSection(SolutionProperties) = preSolution
		HideSolutionNode = FALSE
	EndGlobalSection
	GlobalSection(ExtensibilityGlobals) = postSolution
		SolutionGuid = {A9F0AD83-CD59-46E6-9BAA-31EB95217B87}
	EndGlobalSection
EndGlobal
